#MicroXplorer Configuration settings - do not modify
Mcu.Family=STM32F1
NVIC.USART3_IRQn=true\:7\:0\:true\:false\:true\:true\:true
ProjectManager.MainLocation=Src
RCC.MCOFreq_Value=24000000
Dma.SPI1_TX.0.MemInc=DMA_MINC_ENABLE
Dma.SPI1_TX.0.PeriphInc=DMA_PINC_DISABLE
TIM2.Channel-Input_Capture1_from_TI1=TIM_CHANNEL_1
NVIC.DMA1_Channel5_IRQn=true\:4\:0\:true\:false\:true\:false\:true
ProjectManager.KeepUserCode=true
Mcu.UserName=STM32F103C8Tx
SPI1.VirtualType=VM_MASTER
PB10.Mode=Asynchronous
RCC.PLLCLKFreq_Value=24000000
PC13-TAMPER-RTC.GPIOParameters=GPIO_Label
VP_IWDG_VS_IWDG.Mode=IWDG_Activate
ProjectManager.functionlistsort=1-MX_GPIO_Init-GPIO-false-HAL-true,2-MX_DMA_Init-DMA-false-HAL-true,3-SystemClock_Config-RCC-false-HAL-false,4-MX_SPI1_Init-SPI1-false-HAL-true,5-MX_USART3_UART_Init-USART3-false-HAL-true,6-MX_I2C1_Init-I2C1-false-HAL-true,7-MX_TIM2_Init-TIM2-false-HAL-true,8-MX_TIM3_Init-TIM3-false-HAL-true
RCC.ADCFreqValue=12000000
PB0.GPIO_Label=BUZZER
PB11.Signal=USART3_RX
PinOutPanel.RotationAngle=0
RCC.SYSCLKSource=RCC_SYSCLKSOURCE_PLLCLK
ProjectManager.StackSize=0x400
PB5.GPIOParameters=GPIO_PuPd,GPIO_Label
PD1-OSC_OUT.Signal=RCC_OSC_OUT
NVIC.DMA1_Channel3_IRQn=true\:5\:0\:true\:false\:true\:false\:true
Mcu.IP4=RCC
RCC.FCLKCortexFreq_Value=24000000
Mcu.IP5=SPI1
I2C1.IPParameters=I2C_Mode
Mcu.IP2=IWDG
NVIC.SVCall_IRQn=true\:0\:0\:false\:false\:true\:false\:false
Mcu.IP3=NVIC
Mcu.IP0=DMA
Mcu.IP1=I2C1
USART3.BaudRate=460800
Mcu.UserConstants=
TIM2.ICPolarity_CH1=TIM_INPUTCHANNELPOLARITY_FALLING
Dma.TIM2_CH1.1.Direction=DMA_PERIPH_TO_MEMORY
Mcu.ThirdPartyNb=0
SPI1.Direction=SPI_DIRECTION_2LINES
RCC.HCLKFreq_Value=24000000
Mcu.IPNb=10
TIM2.IPParameters=Channel-Input_Capture1_from_TI1,Period,ICPolarity_CH1,ICFilter_CH1,Prescaler
ProjectManager.PreviousToolchain=
RCC.APB2TimFreq_Value=24000000
TIM3.Period=255-1
PB6.Signal=I2C1_SCL
PB6.Mode=I2C
SPI1.CalculateBaudRate=3.0 MBits/s
PA8.GPIOParameters=GPIO_PuPd,GPIO_Label,GPIO_ModeDefaultEXTI
Mcu.Pin6=PB0
VP_TIM2_VS_ClockSourceINT.Signal=TIM2_VS_ClockSourceINT
Mcu.Pin7=PB10
Mcu.Pin8=PB11
Mcu.Pin9=PA8
RCC.AHBFreq_Value=24000000
Mcu.Pin0=PC13-TAMPER-RTC
Mcu.Pin1=PD0-OSC_IN
Mcu.Pin2=PD1-OSC_OUT
Mcu.Pin3=PA0-WKUP
Mcu.Pin4=PA5
PA0-WKUP.GPIOParameters=GPIO_PuPd,GPIO_Label,GPIO_Mode
Mcu.Pin5=PA7
ProjectManager.ProjectBuild=false
NVIC.UsageFault_IRQn=true\:0\:0\:false\:false\:true\:false\:false
NVIC.DebugMonitor_IRQn=true\:0\:0\:false\:false\:true\:false\:false
PA8.Locked=true
NVIC.SysTick_IRQn=true\:1\:0\:true\:false\:true\:false\:true
Dma.TIM2_CH1.1.RequestParameters=Instance,Direction,PeriphInc,MemInc,PeriphDataAlignment,MemDataAlignment,Mode,Priority
RCC.PLLMUL=RCC_PLL_MUL3
ProjectManager.FirmwarePackage=STM32Cube FW_F1 V1.8.0
MxDb.Version=DB.6.0.0
PB0.GPIOParameters=GPIO_ModeDefaultPP,GPIO_Label
ProjectManager.BackupPrevious=false
PA14.Mode=Serial_Wire
TIM3.Prescaler=94-1
NVIC.TIM2_IRQn=true\:3\:0\:true\:false\:true\:true\:true
File.Version=6
PA0-WKUP.GPIO_Mode=GPIO_MODE_INPUT
PB7.Signal=I2C1_SDA
PA8.Signal=GPXTI8
NVIC.PendSV_IRQn=true\:0\:0\:false\:false\:true\:false\:false
Dma.RequestsNb=2
ProjectManager.HalAssertFull=false
ProjectManager.ProjectName=bluepill
RCC.PLLMCOFreq_Value=12000000
Dma.SPI1_TX.0.Mode=DMA_NORMAL
Mcu.Package=LQFP48
TIM2.Prescaler=23
Dma.TIM2_CH1.1.MemDataAlignment=DMA_MDATAALIGN_WORD
PA8.GPIO_ModeDefaultEXTI=GPIO_MODE_IT_FALLING
SH.GPXTI8.0=GPIO_EXTI8
PA14.Locked=true
ProjectManager.ToolChainLocation=
VP_SYS_VS_Systick.Signal=SYS_VS_Systick
SH.GPXTI5.ConfNb=1
SH.GPXTI8.ConfNb=1
USART3.IPParameters=VirtualMode,BaudRate
Dma.TIM2_CH1.1.Priority=DMA_PRIORITY_LOW
PB5.GPIO_Label=RTC_IRQ
Dma.Request1=TIM2_CH1
RCC.APB1TimFreq_Value=24000000
VP_TIM2_VS_ControllerModeReset.Signal=TIM2_VS_ControllerModeReset
NVIC.BusFault_IRQn=true\:0\:0\:false\:false\:true\:false\:false
Dma.TIM2_CH1.1.PeriphDataAlignment=DMA_PDATAALIGN_WORD
Dma.Request0=SPI1_TX
SPI1.BaudRatePrescaler=SPI_BAUDRATEPRESCALER_8
ProjectManager.CustomerFirmwarePackage=
VP_TIM3_VS_ClockSourceINT.Mode=Internal
PA5.Mode=TX_Only_Simplex_Unidirect_Master
RCC.PLLSourceVirtual=RCC_PLLSOURCE_HSE
SH.GPXTI5.0=GPIO_EXTI5
Dma.TIM2_CH1.1.MemInc=DMA_MINC_ENABLE
ProjectManager.ProjectFileName=bluepill.ioc
PA7.Mode=TX_Only_Simplex_Unidirect_Master
PD1-OSC_OUT.Mode=HSE-External-Oscillator
Mcu.PinsNb=20
ProjectManager.NoMain=false
SPI1.IPParameters=VirtualType,Mode,Direction,BaudRatePrescaler,CalculateBaudRate
VP_TIM2_VS_ControllerModeReset.Mode=Reset Mode
PC13-TAMPER-RTC.Signal=GPIO_Output
ProjectManager.DefaultFWLocation=true
PD0-OSC_IN.Signal=RCC_OSC_IN
ProjectManager.DeletePrevious=true
RCC.APB1CLKDivider=RCC_HCLK_DIV2
PB10.Locked=true
SH.S_TIM3_CH3.0=TIM3_CH3,PWM Generation3 CH3
SH.S_TIM2_CH1_ETR.ConfNb=2
RCC.FamilyName=M
PA0-WKUP.GPIO_Label=IR_NEC
PA0-WKUP.Signal=S_TIM2_CH1_ETR
PA13.Signal=SYS_JTMS-SWDIO
TIM3.Channel-PWM\ Generation3\ CH3=TIM_CHANNEL_3
PA8.GPIO_Label=PUSHBUTTON
Dma.SPI1_TX.0.RequestParameters=Instance,Direction,PeriphInc,MemInc,PeriphDataAlignment,MemDataAlignment,Mode,Priority
Dma.TIM2_CH1.1.Instance=DMA1_Channel5
PB11.Mode=Asynchronous
ProjectManager.TargetToolchain=Makefile
SH.S_TIM3_CH3.ConfNb=1
I2C1.I2C_Mode=I2C_Fast
Dma.SPI1_TX.0.PeriphDataAlignment=DMA_PDATAALIGN_BYTE
Dma.SPI1_TX.0.Direction=DMA_MEMORY_TO_PERIPH
TIM2.ICFilter_CH1=4
PB5.Locked=true
ProjectManager.RegisterCallBack=
PC13-TAMPER-RTC.Locked=true
RCC.USBFreq_Value=24000000
VP_TIM3_VS_ClockSourceINT.Signal=TIM3_VS_ClockSourceINT
PD0-OSC_IN.Mode=HSE-External-Oscillator
PB10.Signal=USART3_TX
PA5.Signal=SPI1_SCK
board=custom
PB0.GPIO_ModeDefaultPP=GPIO_MODE_AF_PP
ProjectManager.LastFirmware=true
PC13-TAMPER-RTC.GPIO_Label=IDLE_LED
RCC.VCOOutput2Freq_Value=8000000
RCC.APB2Freq_Value=24000000
MxCube.Version=6.0.0
Dma.TIM2_CH1.1.PeriphInc=DMA_PINC_DISABLE
VP_TIM2_VS_ClockSourceINT.Mode=Internal
SPI1.Mode=SPI_MODE_MASTER
VP_SYS_VS_Systick.Mode=SysTick
TIM3.IPParameters=Prescaler,Period,Channel-PWM Generation3 CH3
Dma.SPI1_TX.0.Instance=DMA1_Channel3
NVIC.NonMaskableInt_IRQn=true\:0\:0\:false\:false\:true\:false\:false
TIM2.Period=0xFFFF
PA13.Mode=Serial_Wire
ProjectManager.FreePins=false
RCC.IPParameters=ADCFreqValue,AHBFreq_Value,APB1CLKDivider,APB1Freq_Value,APB1TimFreq_Value,APB2Freq_Value,APB2TimFreq_Value,FCLKCortexFreq_Value,FamilyName,HCLKFreq_Value,MCOFreq_Value,PLLCLKFreq_Value,PLLMCOFreq_Value,PLLMUL,PLLSourceVirtual,SYSCLKFreq_VALUE,SYSCLKSource,TimSysFreq_Value,USBFreq_Value,VCOOutput2Freq_Value
ProjectManager.AskForMigrate=true
Mcu.Name=STM32F103C(8-B)Tx
ProjectManager.UnderRoot=false
Mcu.IP8=TIM3
Mcu.IP9=USART3
Mcu.IP6=SYS
Mcu.IP7=TIM2
ProjectManager.CoupleFile=false
RCC.SYSCLKFreq_VALUE=24000000
PB5.Signal=GPXTI5
RCC.TimSysFreq_Value=24000000
NVIC.ForceEnableDMAVector=true
KeepUserPlacement=false
USART3.VirtualMode=VM_ASYNC
PB5.GPIO_PuPd=GPIO_PULLUP
NVIC.MemoryManagement_IRQn=true\:0\:0\:false\:false\:true\:false\:false
PA13.Locked=true
ProjectManager.CompilerOptimize=6
PB7.Mode=I2C
SH.S_TIM2_CH1_ETR.1=TIM2_CH1,Input_Capture1_from_TI1
NVIC.EXTI9_5_IRQn=true\:0\:0\:false\:false\:true\:true\:true
VP_IWDG_VS_IWDG.Signal=IWDG_VS_IWDG
SH.S_TIM2_CH1_ETR.0=TIM2_CH1,TriggerSource_TI1FP1
PA14.Signal=SYS_JTCK-SWCLK
ProjectManager.HeapSize=0x200
Mcu.Pin15=VP_IWDG_VS_IWDG
Dma.SPI1_TX.0.MemDataAlignment=DMA_MDATAALIGN_BYTE
Dma.SPI1_TX.0.Priority=DMA_PRIORITY_LOW
NVIC.HardFault_IRQn=true\:0\:0\:false\:false\:true\:false\:false
Mcu.Pin16=VP_SYS_VS_Systick
Mcu.Pin13=PB6
Dma.TIM2_CH1.1.Mode=DMA_NORMAL
Mcu.Pin14=PB7
Mcu.Pin19=VP_TIM3_VS_ClockSourceINT
ProjectManager.ComputerToolchain=false
Mcu.Pin17=VP_TIM2_VS_ControllerModeReset
Mcu.Pin18=VP_TIM2_VS_ClockSourceINT
PA8.GPIO_PuPd=GPIO_PULLUP
NVIC.PriorityGroup=NVIC_PRIORITYGROUP_4
Mcu.Pin11=PA14
Mcu.Pin12=PB5
Mcu.Pin10=PA13
PA0-WKUP.GPIO_PuPd=GPIO_PULLUP
RCC.APB1Freq_Value=12000000
PB0.Signal=S_TIM3_CH3
PB11.Locked=true
ProjectManager.DeviceId=STM32F103C8Tx
ProjectManager.LibraryCopy=2
PA7.Signal=SPI1_MOSI
