#MicroXplorer Configuration settings - do not modify
Mcu.Family=STM32F1
ProjectManager.MainLocation=Src
RCC.MCOFreq_Value=48000000
USB_DEVICE.CLASS_NAME_FS=HID
ProjectManager.KeepUserCode=true
Mcu.UserName=STM32F103C8Tx
PB10.GPIO_PuPd=GPIO_PULLDOWN
RCC.PLLCLKFreq_Value=48000000
PC13-TAMPER-RTC.GPIOParameters=GPIO_Label
ProjectManager.functionlistsort=1-MX_GPIO_Init-GPIO-false-HAL-true,2-MX_DMA_Init-DMA-false-HAL-true,3-SystemClock_Config-RCC-false-HAL-true,4-MX_USB_DEVICE_Init-USB_DEVICE-false-HAL-false,5-MX_ADC1_Init-ADC1-false-HAL-true,6-MX_TIM3_Init-TIM3-false-HAL-true
PA9.GPIOParameters=GPIO_Label
PA11.Mode=Device
PA3.GPIOParameters=GPIO_Label
RCC.ADCFreqValue=12000000
PB0.GPIO_Label=ROW1_IN
PB6.GPIO_Label=COL7_OUT
PA2.GPIOParameters=GPIO_Label
PinOutPanel.RotationAngle=0
RCC.SYSCLKSource=RCC_SYSCLKSOURCE_PLLCLK
ProjectManager.StackSize=0x400
PB5.GPIOParameters=GPIO_PuPd,GPIO_Label
PD1-OSC_OUT.Signal=RCC_OSC_OUT
Mcu.IP4=SYS
RCC.FCLKCortexFreq_Value=48000000
Mcu.IP5=TIM3
USB_DEVICE.MANUFACTURER_STRING=Disciplined Design
USB_DEVICE.PID_HID_FS=0x0666
Mcu.IP2=NVIC
NVIC.SVCall_IRQn=true\:0\:0\:false\:false\:true\:true\:false
Mcu.IP3=RCC
Mcu.IP0=ADC1
PB4.GPIOParameters=GPIO_Label
PA15.GPIO_Label=COL12_OUT
Mcu.IP1=DMA
PA12.Signal=USB_DP
Mcu.UserConstants=
Mcu.ThirdPartyNb=0
RCC.HCLKFreq_Value=48000000
Mcu.IPNb=8
ProjectManager.PreviousToolchain=
RCC.APB2TimFreq_Value=48000000
TIM3.Period=50-1
PB6.Signal=GPIO_Output
Dma.ADC1.0.Direction=DMA_PERIPH_TO_MEMORY
ADC1.Channel-2\#ChannelRegularConversion=ADC_CHANNEL_7
SH.ADCx_IN7.ConfNb=1
PA8.GPIOParameters=GPIO_Label
Mcu.Pin6=PA1
Mcu.Pin7=PA2
Mcu.Pin8=PA3
Mcu.Pin9=PA4
Dma.ADC1.0.MemDataAlignment=DMA_MDATAALIGN_HALFWORD
RCC.AHBFreq_Value=48000000
Mcu.Pin0=PC13-TAMPER-RTC
Mcu.Pin1=PC14-OSC32_IN
GPIO.groupedBy=Group By Peripherals
Mcu.Pin2=PC15-OSC32_OUT
Mcu.Pin3=PD0-OSC_IN
Mcu.Pin4=PD1-OSC_OUT
PA0-WKUP.GPIOParameters=GPIO_Label
Mcu.Pin5=PA0-WKUP
ProjectManager.ProjectBuild=false
NVIC.UsageFault_IRQn=true\:0\:0\:false\:false\:true\:true\:false
NVIC.DebugMonitor_IRQn=true\:0\:0\:false\:false\:true\:true\:false
PA8.Locked=true
PA4.Locked=true
NVIC.SysTick_IRQn=true\:1\:0\:true\:false\:true\:true\:true
RCC.PLLMUL=RCC_PLL_MUL6
ProjectManager.FirmwarePackage=STM32Cube FW_F1 V1.8.0
MxDb.Version=DB.6.0.0
VP_USB_DEVICE_VS_USB_DEVICE_HID_FS.Signal=USB_DEVICE_VS_USB_DEVICE_HID_FS
PB0.GPIOParameters=GPIO_PuPd,GPIO_Label
ADC1.Rank-2\#ChannelRegularConversion=2
PA1.GPIOParameters=GPIO_Label
ProjectManager.BackupPrevious=false
PA14.Mode=Serial_Wire
TIM3.Prescaler=4800-1
Dma.ADC1.0.PeriphInc=DMA_PINC_DISABLE
File.Version=6
PA10.GPIO_Label=COL10_OUT
PB3.GPIOParameters=GPIO_Label
PB7.Signal=GPIO_Output
PB8.Locked=true
PA8.Signal=GPIO_Output
PB6.Locked=true
NVIC.PendSV_IRQn=true\:0\:0\:false\:false\:true\:true\:false
SH.ADCx_IN6.ConfNb=1
Dma.RequestsNb=1
PB6.GPIOParameters=GPIO_Label
ProjectManager.HalAssertFull=true
PB0.Locked=true
ProjectManager.ProjectName=bluepill
RCC.PLLMCOFreq_Value=24000000
PB7.GPIO_Label=COL8_OUT
Mcu.Package=LQFP48
PA6.Signal=ADCx_IN6
PA5.Locked=true
ProjectManager.ToolChainLocation=
PA2.GPIO_Label=COL3_OUT
VP_SYS_VS_Systick.Signal=SYS_VS_Systick
PA10.Signal=GPIO_Output
PA15.Signal=GPIO_Output
PA5.GPIOParameters=GPIO_Label
PB5.GPIO_Label=ROW3_IN
RCC.APB1TimFreq_Value=48000000
NVIC.BusFault_IRQn=true\:0\:0\:false\:false\:true\:true\:false
PB10.GPIOParameters=GPIO_PuPd,GPIO_Label
Dma.Request0=ADC1
PA4.GPIO_Label=COL5_OUT
ProjectManager.CustomerFirmwarePackage=
VP_TIM3_VS_ClockSourceINT.Mode=Internal
PC14-OSC32_IN.Locked=true
PB3.Locked=true
PB4.Signal=GPIO_Output
PA3.Signal=GPIO_Output
PA2.Locked=true
PB3.GPIO_Label=COL13_OUT
ProjectManager.ProjectFileName=bluepill.ioc
Dma.ADC1.0.Instance=DMA1_Channel1
PB8.GPIOParameters=GPIO_PuPd,GPIO_Label
PD1-OSC_OUT.Mode=HSE-External-Oscillator
PA15.GPIOParameters=GPIO_Label
Mcu.PinsNb=32
ProjectManager.NoMain=false
USB_DEVICE.VirtualModeFS=Hid_FS
SH.ADCx_IN6.0=ADC1_IN6,IN6
ADC1.IPParameters=Rank-1\#ChannelRegularConversion,Channel-1\#ChannelRegularConversion,SamplingTime-1\#ChannelRegularConversion,NbrOfConversionFlag,master,Rank-2\#ChannelRegularConversion,Channel-2\#ChannelRegularConversion,SamplingTime-2\#ChannelRegularConversion,NbrOfConversion,ExternalTrigConv
PA9.GPIO_Label=COL11_OUT
PB8.GPIO_PuPd=GPIO_PULLDOWN
USB_DEVICE.PRODUCT_STRING_HID_FS=DD Keyboard
PC13-TAMPER-RTC.Signal=GPIO_Output
ProjectManager.DefaultFWLocation=true
PD0-OSC_IN.Signal=RCC_OSC_IN
ProjectManager.DeletePrevious=true
RCC.APB1CLKDivider=RCC_HCLK_DIV2
PC14-OSC32_IN.Signal=RCC_OSC32_IN
PB10.Locked=true
USB_DEVICE.IPParameters=VirtualMode,VirtualModeFS,CLASS_NAME_FS,MANUFACTURER_STRING,PRODUCT_STRING_HID_FS,PID_HID_FS,VID
ADC1.SamplingTime-2\#ChannelRegularConversion=ADC_SAMPLETIME_239CYCLES_5
RCC.FamilyName=M
PA0-WKUP.GPIO_Label=COL1_OUT
PA0-WKUP.Signal=GPIO_Output
PA0-WKUP.Locked=true
RCC.ADCPresc=RCC_ADCPCLK2_DIV4
PA13.Signal=SYS_JTMS-SWDIO
PB8.GPIO_Label=ROW4_IN
Dma.ADC1.0.PeriphDataAlignment=DMA_PDATAALIGN_HALFWORD
PA15.Locked=true
PA8.GPIO_Label=COL9_OUT
PC15-OSC32_OUT.Locked=true
USB_DEVICE.VID=0xFEED
ProjectManager.TargetToolchain=Makefile
PB10.GPIO_Label=ROW2_IN
SH.ADCx_IN7.0=ADC1_IN7,IN7
Dma.ADC1.0.Mode=DMA_CIRCULAR
PB7.GPIOParameters=GPIO_Label
Dma.ADC1.0.Priority=DMA_PRIORITY_LOW
PA9.Signal=GPIO_Output
ADC1.Channel-1\#ChannelRegularConversion=ADC_CHANNEL_6
PB5.Locked=true
ProjectManager.RegisterCallBack=
PC13-TAMPER-RTC.Locked=true
RCC.USBFreq_Value=48000000
VP_TIM3_VS_ClockSourceINT.Signal=TIM3_VS_ClockSourceINT
PC15-OSC32_OUT.Signal=RCC_OSC32_OUT
PA1.Signal=GPIO_Output
PD0-OSC_IN.Mode=HSE-External-Oscillator
PB10.Signal=GPIO_Input
PA5.Signal=GPIO_Output
board=bluepill
ProjectManager.LastFirmware=false
PC13-TAMPER-RTC.GPIO_Label=IDLE_LED
RCC.VCOOutput2Freq_Value=8000000
Dma.ADC1.0.RequestParameters=Instance,Direction,PeriphInc,MemInc,PeriphDataAlignment,MemDataAlignment,Mode,Priority
VP_USB_DEVICE_VS_USB_DEVICE_HID_FS.Mode=HID_FS
RCC.APB2Freq_Value=48000000
MxCube.Version=6.0.1
PB4.GPIO_Label=COL14_OUT
NVIC.USB_LP_CAN1_RX0_IRQn=true\:0\:0\:false\:false\:true\:false\:true
Mcu.Pin30=VP_TIM3_VS_ClockSourceINT
PA1.GPIO_Label=COL2_OUT
PA10.GPIOParameters=GPIO_Label
VP_SYS_VS_Systick.Mode=SysTick
TIM3.IPParameters=Prescaler,Period,TIM_MasterOutputTrigger
Mcu.Pin31=VP_USB_DEVICE_VS_USB_DEVICE_HID_FS
PA9.Locked=true
NVIC.NonMaskableInt_IRQn=true\:0\:0\:false\:false\:true\:true\:false
PA4.GPIOParameters=GPIO_Label
ADC1.NbrOfConversion=2
PA13.Mode=Serial_Wire
ProjectManager.FreePins=false
RCC.IPParameters=ADCFreqValue,ADCPresc,AHBFreq_Value,APB1CLKDivider,APB1Freq_Value,APB1TimFreq_Value,APB2Freq_Value,APB2TimFreq_Value,FCLKCortexFreq_Value,FamilyName,HCLKFreq_Value,MCOFreq_Value,PLLCLKFreq_Value,PLLMCOFreq_Value,PLLMUL,SYSCLKFreq_VALUE,SYSCLKSource,TimSysFreq_Value,USBFreq_Value,VCOOutput2Freq_Value
ProjectManager.AskForMigrate=true
Mcu.Name=STM32F103C(8-B)Tx
Mcu.Pin26=PB6
Mcu.Pin27=PB7
PA2.Signal=GPIO_Output
Mcu.Pin24=PB4
ProjectManager.UnderRoot=false
Mcu.Pin25=PB5
ADC1.ExternalTrigConv=ADC_EXTERNALTRIGCONV_T3_TRGO
Mcu.Pin28=PB8
Mcu.IP6=USB
Mcu.Pin29=VP_SYS_VS_Systick
Mcu.IP7=USB_DEVICE
ProjectManager.CoupleFile=false
PB4.Locked=true
PB3.Signal=GPIO_Output
PA4.Signal=GPIO_Output
ADC1.SamplingTime-1\#ChannelRegularConversion=ADC_SAMPLETIME_239CYCLES_5
RCC.SYSCLKFreq_VALUE=48000000
Mcu.Pin22=PA15
PB5.Signal=GPIO_Input
Mcu.Pin23=PB3
RCC.TimSysFreq_Value=48000000
PA1.Locked=true
Mcu.Pin20=PA13
ADC1.master=1
PA3.Locked=true
Mcu.Pin21=PA14
PA12.Mode=Device
PA5.GPIO_Label=COL6_OUT
PA10.Locked=true
NVIC.ForceEnableDMAVector=true
KeepUserPlacement=false
PB5.GPIO_PuPd=GPIO_PULLDOWN
NVIC.MemoryManagement_IRQn=true\:0\:0\:false\:false\:true\:true\:false
ProjectManager.CompilerOptimize=2
ADC1.Rank-1\#ChannelRegularConversion=1
PA11.Signal=USB_DM
PA14.Signal=SYS_JTCK-SWCLK
Dma.ADC1.0.MemInc=DMA_MINC_ENABLE
ProjectManager.HeapSize=0x200
Mcu.Pin15=PA8
NVIC.HardFault_IRQn=true\:0\:0\:false\:false\:true\:true\:false
Mcu.Pin16=PA9
Mcu.Pin13=PB0
Mcu.Pin14=PB10
Mcu.Pin19=PA12
ProjectManager.ComputerToolchain=false
Mcu.Pin17=PA10
Mcu.Pin18=PA11
NVIC.PriorityGroup=NVIC_PRIORITYGROUP_4
ADC1.NbrOfConversionFlag=1
Mcu.Pin11=PA6
Mcu.Pin12=PA7
Mcu.Pin10=PA5
PB7.Locked=true
PB8.Signal=GPIO_Input
NVIC.DMA1_Channel1_IRQn=true\:0\:0\:false\:false\:true\:false\:true
TIM3.TIM_MasterOutputTrigger=TIM_TRGO_UPDATE
RCC.APB1Freq_Value=24000000
PB0.Signal=GPIO_Input
USB_DEVICE.VirtualMode=Hid
ProjectManager.DeviceId=STM32F103C8Tx
ProjectManager.LibraryCopy=2
PB0.GPIO_PuPd=GPIO_PULLDOWN
PA3.GPIO_Label=COL4_OUT
PA7.Signal=ADCx_IN7
