#MicroXplorer Configuration settings - do not modify
Mcu.Family=STM32F1
ProjectManager.MainLocation=Src
RCC.MCOFreq_Value=48000000
Dma.SPI2_TX.0.MemInc=DMA_MINC_ENABLE
USB_DEVICE.CLASS_NAME_FS=HID
NVIC.DMA1_Channel5_IRQn=true\:0\:0\:false\:false\:true\:false\:true
ProjectManager.KeepUserCode=true
Mcu.UserName=STM32F103C8Tx
PB10.GPIO_PuPd=GPIO_PULLDOWN
SPI2.VirtualType=VM_MASTER
RCC.PLLCLKFreq_Value=48000000
PC13-TAMPER-RTC.GPIOParameters=GPIO_Label
ProjectManager.functionlistsort=1-MX_GPIO_Init-GPIO-false-HAL-true,2-MX_DMA_Init-DMA-false-HAL-true,3-SystemClock_Config-RCC-false-HAL-true,4-MX_USB_DEVICE_Init-USB_DEVICE-false-HAL-false,5-MX_SPI2_Init-SPI2-false-HAL-true
PA9.GPIOParameters=GPIO_Label
PA11.Mode=Device
PA3.GPIOParameters=GPIO_Label
RCC.ADCFreqValue=24000000
PB0.GPIO_Label=ROW2_IN
Dma.SPI2_TX.0.RequestParameters=Instance,Direction,PeriphInc,MemInc,PeriphDataAlignment,MemDataAlignment,Mode,Priority
PB13.Signal=SPI2_SCK
PB15.Signal=SPI2_MOSI
PA2.GPIOParameters=GPIO_Label
PC15-OSC32_OUT.GPIO_Label=COL7_OUT
Dma.SPI2_TX.0.Instance=DMA1_Channel5
PinOutPanel.RotationAngle=0
RCC.SYSCLKSource=RCC_SYSCLKSOURCE_PLLCLK
ProjectManager.StackSize=0x400
PB5.GPIOParameters=GPIO_PuPd,GPIO_Label
PD1-OSC_OUT.Signal=RCC_OSC_OUT
Dma.SPI2_TX.0.MemDataAlignment=DMA_MDATAALIGN_BYTE
Mcu.IP4=SYS
RCC.FCLKCortexFreq_Value=48000000
Mcu.IP5=USB
USB_DEVICE.MANUFACTURER_STRING=Disciplined Design
USB_DEVICE.PID_HID_FS=0x0666
NVIC.SVCall_IRQn=true\:0\:0\:false\:false\:true\:true\:false
Mcu.IP2=RCC
Mcu.IP3=SPI2
PA15.GPIO_Label=COL11_OUT
PB4.GPIOParameters=GPIO_Label
Mcu.IP0=DMA
Mcu.IP1=NVIC
PA12.Signal=USB_DP
Mcu.UserConstants=
Mcu.ThirdPartyNb=0
RCC.HCLKFreq_Value=48000000
Mcu.IPNb=7
ProjectManager.PreviousToolchain=
RCC.APB2TimFreq_Value=48000000
PA8.GPIOParameters=GPIO_Label
Mcu.Pin6=PA2
Mcu.Pin7=PA3
Mcu.Pin8=PA4
Mcu.Pin9=PA5
Dma.SPI2_TX.0.Mode=DMA_NORMAL
RCC.AHBFreq_Value=48000000
SPI2.BaudRatePrescaler=SPI_BAUDRATEPRESCALER_4
Mcu.Pin0=PC13-TAMPER-RTC
Mcu.Pin1=PC15-OSC32_OUT
Mcu.Pin2=PD0-OSC_IN
Mcu.Pin3=PD1-OSC_OUT
PA0-WKUP.GPIOParameters=GPIO_Label
Mcu.Pin4=PA0-WKUP
Mcu.Pin5=PA1
ProjectManager.ProjectBuild=false
NVIC.UsageFault_IRQn=true\:0\:0\:false\:false\:true\:true\:false
NVIC.DebugMonitor_IRQn=true\:0\:0\:false\:false\:true\:true\:false
PA8.Locked=true
PA4.Locked=true
NVIC.SysTick_IRQn=true\:1\:0\:true\:false\:true\:true\:true
RCC.PLLMUL=RCC_PLL_MUL6
ProjectManager.FirmwarePackage=STM32Cube FW_F1 V1.8.0
MxDb.Version=DB.6.0.0
VP_USB_DEVICE_VS_USB_DEVICE_HID_FS.Signal=USB_DEVICE_VS_USB_DEVICE_HID_FS
PB0.GPIOParameters=GPIO_PuPd,GPIO_Label
PA1.GPIOParameters=GPIO_Label
ProjectManager.BackupPrevious=false
PA14.Mode=Serial_Wire
File.Version=6
PA10.GPIO_Label=COL9_OUT
SPI2.CalculateBaudRate=6.0 MBits/s
PB3.GPIOParameters=GPIO_Label
PB8.Locked=true
PA8.Signal=GPIO_Output
NVIC.PendSV_IRQn=true\:0\:0\:false\:false\:true\:true\:false
Dma.RequestsNb=1
ProjectManager.HalAssertFull=true
PB0.Locked=true
ProjectManager.ProjectName=bluepill
RCC.PLLMCOFreq_Value=24000000
Mcu.Package=LQFP48
PA5.Locked=true
SPI2.Mode=SPI_MODE_MASTER
ProjectManager.ToolChainLocation=
PA2.GPIO_Label=COL3_OUT
VP_SYS_VS_Systick.Signal=SYS_VS_Systick
PA10.Signal=GPIO_Output
PA15.Signal=GPIO_Output
PA5.GPIOParameters=GPIO_Label
Dma.SPI2_TX.0.PeriphInc=DMA_PINC_DISABLE
PB5.GPIO_Label=ROW3_IN
RCC.APB1TimFreq_Value=48000000
NVIC.BusFault_IRQn=true\:0\:0\:false\:false\:true\:true\:false
SPI2.Direction=SPI_DIRECTION_2LINES
PB10.GPIOParameters=GPIO_PuPd,GPIO_Label
PB13.Mode=TX_Only_Simplex_Unidirect_Master
PC15-OSC32_OUT.GPIOParameters=GPIO_Label
Dma.Request0=SPI2_TX
PA4.GPIO_Label=COL5_OUT
ProjectManager.CustomerFirmwarePackage=
PB3.Locked=true
PB4.Signal=GPIO_Output
PA3.Signal=GPIO_Output
PA2.Locked=true
PB3.GPIO_Label=COL12_OUT
ProjectManager.ProjectFileName=bluepill.ioc
PB8.GPIOParameters=GPIO_PuPd,GPIO_Label
PD1-OSC_OUT.Mode=HSE-External-Oscillator
PA15.GPIOParameters=GPIO_Label
Mcu.PinsNb=28
ProjectManager.NoMain=false
USB_DEVICE.VirtualModeFS=Hid_FS
PA9.GPIO_Label=COL10_OUT
PB8.GPIO_PuPd=GPIO_PULLDOWN
USB_DEVICE.PRODUCT_STRING_HID_FS=DD Keyboard
PC13-TAMPER-RTC.Signal=GPIO_Output
ProjectManager.DefaultFWLocation=true
PD0-OSC_IN.Signal=RCC_OSC_IN
ProjectManager.DeletePrevious=true
RCC.APB1CLKDivider=RCC_HCLK_DIV2
PB10.Locked=true
USB_DEVICE.IPParameters=VirtualMode,VirtualModeFS,CLASS_NAME_FS,MANUFACTURER_STRING,PRODUCT_STRING_HID_FS,PID_HID_FS,VID
RCC.FamilyName=M
PA0-WKUP.GPIO_Label=COL1_OUT
PA0-WKUP.Signal=GPIO_Output
PA0-WKUP.Locked=true
PA13.Signal=SYS_JTMS-SWDIO
PB8.GPIO_Label=ROW4_IN
PA15.Locked=true
PA8.GPIO_Label=COL8_OUT
PC15-OSC32_OUT.Locked=true
USB_DEVICE.VID=0xFEED
ProjectManager.TargetToolchain=Makefile
PB10.GPIO_Label=ROW1_IN
PA9.Signal=GPIO_Output
PB5.Locked=true
SPI2.IPParameters=VirtualType,Mode,Direction,CalculateBaudRate,BaudRatePrescaler
ProjectManager.RegisterCallBack=
PC13-TAMPER-RTC.Locked=true
RCC.USBFreq_Value=48000000
PC15-OSC32_OUT.Signal=GPIO_Output
PA1.Signal=GPIO_Output
PD0-OSC_IN.Mode=HSE-External-Oscillator
PB10.Signal=GPIO_Input
PA5.Signal=GPIO_Output
board=bluepill
ProjectManager.LastFirmware=true
PC13-TAMPER-RTC.GPIO_Label=IDLE_LED
PB15.Mode=TX_Only_Simplex_Unidirect_Master
RCC.VCOOutput2Freq_Value=8000000
VP_USB_DEVICE_VS_USB_DEVICE_HID_FS.Mode=HID_FS
RCC.APB2Freq_Value=48000000
MxCube.Version=6.0.0
PB4.GPIO_Label=COL13_OUT
Dma.SPI2_TX.0.PeriphDataAlignment=DMA_PDATAALIGN_BYTE
NVIC.USB_LP_CAN1_RX0_IRQn=true\:0\:0\:false\:false\:true\:false\:true
PA1.GPIO_Label=COL2_OUT
PA10.GPIOParameters=GPIO_Label
VP_SYS_VS_Systick.Mode=SysTick
PA9.Locked=true
NVIC.NonMaskableInt_IRQn=true\:0\:0\:false\:false\:true\:true\:false
PA4.GPIOParameters=GPIO_Label
PA13.Mode=Serial_Wire
ProjectManager.FreePins=false
RCC.IPParameters=ADCFreqValue,AHBFreq_Value,APB1CLKDivider,APB1Freq_Value,APB1TimFreq_Value,APB2Freq_Value,APB2TimFreq_Value,FCLKCortexFreq_Value,FamilyName,HCLKFreq_Value,MCOFreq_Value,PLLCLKFreq_Value,PLLMCOFreq_Value,PLLMUL,SYSCLKFreq_VALUE,SYSCLKSource,TimSysFreq_Value,USBFreq_Value,VCOOutput2Freq_Value
ProjectManager.AskForMigrate=true
Mcu.Name=STM32F103C(8-B)Tx
Mcu.Pin26=VP_SYS_VS_Systick
Mcu.Pin27=VP_USB_DEVICE_VS_USB_DEVICE_HID_FS
PA2.Signal=GPIO_Output
Mcu.Pin24=PB5
ProjectManager.UnderRoot=false
Mcu.Pin25=PB8
Mcu.IP6=USB_DEVICE
ProjectManager.CoupleFile=false
PB4.Locked=true
PB3.Signal=GPIO_Output
PA4.Signal=GPIO_Output
Dma.SPI2_TX.0.Priority=DMA_PRIORITY_LOW
RCC.SYSCLKFreq_VALUE=48000000
Mcu.Pin22=PB3
PB5.Signal=GPIO_Input
Mcu.Pin23=PB4
RCC.TimSysFreq_Value=48000000
PA1.Locked=true
Mcu.Pin20=PA14
Mcu.Pin21=PA15
PA3.Locked=true
PA12.Mode=Device
PA5.GPIO_Label=COL6_OUT
PA10.Locked=true
NVIC.ForceEnableDMAVector=true
KeepUserPlacement=false
PB5.GPIO_PuPd=GPIO_PULLDOWN
NVIC.MemoryManagement_IRQn=true\:0\:0\:false\:false\:true\:true\:false
ProjectManager.CompilerOptimize=2
PA11.Signal=USB_DM
PA14.Signal=SYS_JTCK-SWCLK
ProjectManager.HeapSize=0x200
Mcu.Pin15=PA9
NVIC.HardFault_IRQn=true\:0\:0\:false\:false\:true\:true\:false
Mcu.Pin16=PA10
Mcu.Pin13=PB15
Mcu.Pin14=PA8
Mcu.Pin19=PA13
ProjectManager.ComputerToolchain=false
Mcu.Pin17=PA11
Mcu.Pin18=PA12
NVIC.PriorityGroup=NVIC_PRIORITYGROUP_4
Mcu.Pin11=PB10
Mcu.Pin12=PB13
Mcu.Pin10=PB0
PB8.Signal=GPIO_Input
Dma.SPI2_TX.0.Direction=DMA_MEMORY_TO_PERIPH
RCC.APB1Freq_Value=24000000
PB0.Signal=GPIO_Input
USB_DEVICE.VirtualMode=Hid
ProjectManager.DeviceId=STM32F103C8Tx
ProjectManager.LibraryCopy=2
PB0.GPIO_PuPd=GPIO_PULLDOWN
PA3.GPIO_Label=COL4_OUT
