#MicroXplorer Configuration settings - do not modify
File.Version=6
KeepUserPlacement=false
Mcu.Family=STM32F1
Mcu.IP0=NVIC
Mcu.IP1=RCC
Mcu.IP2=SYS
Mcu.IP3=USART3
Mcu.IPNb=4
Mcu.Name=STM32F103C(8-B)Tx
Mcu.Package=LQFP48
Mcu.Pin0=PC13-TAMPER-RTC
Mcu.Pin1=PD0-OSC_IN
Mcu.Pin10=PB7
Mcu.Pin11=VP_SYS_VS_Systick
Mcu.Pin2=PD1-OSC_OUT
Mcu.Pin3=PB10
Mcu.Pin4=PB11
Mcu.Pin5=PA13
Mcu.Pin6=PA14
Mcu.Pin7=PB4
Mcu.Pin8=PB5
Mcu.Pin9=PB6
Mcu.PinsNb=12
Mcu.ThirdPartyNb=0
Mcu.UserConstants=
Mcu.UserName=STM32F103C8Tx
MxCube.Version=5.2.1
MxDb.Version=DB.5.0.21
NVIC.BusFault_IRQn=true\:0\:0\:false\:false\:true\:true\:false
NVIC.DebugMonitor_IRQn=true\:0\:0\:false\:false\:true\:true\:false
NVIC.EXTI9_5_IRQn=true\:0\:0\:false\:false\:true\:true\:true
NVIC.HardFault_IRQn=true\:0\:0\:false\:false\:true\:true\:false
NVIC.MemoryManagement_IRQn=true\:0\:0\:false\:false\:true\:true\:false
NVIC.NonMaskableInt_IRQn=true\:0\:0\:false\:false\:true\:true\:false
NVIC.PendSV_IRQn=true\:0\:0\:false\:false\:true\:true\:false
NVIC.PriorityGroup=NVIC_PRIORITYGROUP_4
NVIC.SVCall_IRQn=true\:0\:0\:false\:false\:true\:true\:false
NVIC.SysTick_IRQn=true\:1\:0\:true\:false\:true\:true\:true
NVIC.USART3_IRQn=true\:2\:0\:true\:false\:true\:true\:true
NVIC.UsageFault_IRQn=true\:0\:0\:false\:false\:true\:true\:false
PA13.Mode=Serial_Wire
PA13.Signal=SYS_JTMS-SWDIO
PA14.Mode=Serial_Wire
PA14.Signal=SYS_JTCK-SWCLK
PB10.Mode=Asynchronous
PB10.Signal=USART3_TX
PB11.Mode=Asynchronous
PB11.Signal=USART3_RX
PB4.GPIOParameters=GPIO_Label
PB4.GPIO_Label=BLINK3_LED
PB4.Locked=true
PB4.Signal=GPIO_Output
PB5.GPIOParameters=GPIO_Label
PB5.GPIO_Label=BLINK2_LED
PB5.Locked=true
PB5.Signal=GPIO_Output
PB6.GPIOParameters=GPIO_Label
PB6.GPIO_Label=BLINK1_LED
PB6.Locked=true
PB6.Signal=GPIO_Output
PB7.GPIOParameters=GPIO_PuPd,GPIO_Label,GPIO_ModeDefaultEXTI
PB7.GPIO_Label=BLINK_BUTTON
PB7.GPIO_ModeDefaultEXTI=GPIO_MODE_IT_FALLING
PB7.GPIO_PuPd=GPIO_PULLUP
PB7.Locked=true
PB7.Signal=GPXTI7
PC13-TAMPER-RTC.GPIOParameters=GPIO_Label
PC13-TAMPER-RTC.GPIO_Label=IDLE_LED
PC13-TAMPER-RTC.Locked=true
PC13-TAMPER-RTC.Signal=GPIO_Output
PCC.Checker=false
PCC.Line=STM32F103
PCC.MCU=STM32F103C(8-B)Tx
PCC.PartNumber=STM32F103C8Tx
PCC.Seq0=0
PCC.Series=STM32F1
PCC.Temperature=25
PCC.Vdd=3.3
PD0-OSC_IN.Mode=HSE-External-Oscillator
PD0-OSC_IN.Signal=RCC_OSC_IN
PD1-OSC_OUT.Mode=HSE-External-Oscillator
PD1-OSC_OUT.Signal=RCC_OSC_OUT
PinOutPanel.RotationAngle=0
ProjectManager.AskForMigrate=true
ProjectManager.BackupPrevious=false
ProjectManager.CompilerOptimize=2
ProjectManager.ComputerToolchain=false
ProjectManager.CoupleFile=false
ProjectManager.CustomerFirmwarePackage=
ProjectManager.DefaultFWLocation=true
ProjectManager.DeletePrevious=true
ProjectManager.DeviceId=STM32F103C8Tx
ProjectManager.FirmwarePackage=STM32Cube FW_F1 V1.7.0
ProjectManager.FreePins=false
ProjectManager.HalAssertFull=false
ProjectManager.HeapSize=0x200
ProjectManager.KeepUserCode=true
ProjectManager.LastFirmware=true
ProjectManager.LibraryCopy=2
ProjectManager.MainLocation=Src
ProjectManager.NoMain=false
ProjectManager.PreviousToolchain=
ProjectManager.ProjectBuild=false
ProjectManager.ProjectFileName=bluepill.ioc
ProjectManager.ProjectName=bluepill
ProjectManager.StackSize=0x400
ProjectManager.TargetToolchain=Makefile
ProjectManager.ToolChainLocation=
ProjectManager.UnderRoot=false
ProjectManager.functionlistsort=1-MX_GPIO_Init-GPIO-false-HAL-true,2-SystemClock_Config-RCC-false-HAL-true,3-MX_USART3_UART_Init-USART3-false-HAL-true
RCC.ADCFreqValue=8000000
RCC.AHBFreq_Value=16000000
RCC.APB1Freq_Value=16000000
RCC.APB1TimFreq_Value=16000000
RCC.APB2Freq_Value=16000000
RCC.APB2TimFreq_Value=16000000
RCC.FCLKCortexFreq_Value=16000000
RCC.FamilyName=M
RCC.HCLKFreq_Value=16000000
RCC.IPParameters=ADCFreqValue,AHBFreq_Value,APB1Freq_Value,APB1TimFreq_Value,APB2Freq_Value,APB2TimFreq_Value,FCLKCortexFreq_Value,FamilyName,HCLKFreq_Value,MCOFreq_Value,PLLCLKFreq_Value,PLLMCOFreq_Value,PLLMUL,SYSCLKFreq_VALUE,SYSCLKSource,TimSysFreq_Value,USBFreq_Value
RCC.MCOFreq_Value=16000000
RCC.PLLCLKFreq_Value=16000000
RCC.PLLMCOFreq_Value=8000000
RCC.PLLMUL=RCC_PLL_MUL4
RCC.SYSCLKFreq_VALUE=16000000
RCC.SYSCLKSource=RCC_SYSCLKSOURCE_PLLCLK
RCC.TimSysFreq_Value=16000000
RCC.USBFreq_Value=16000000
SH.GPXTI7.0=GPIO_EXTI7
SH.GPXTI7.ConfNb=1
USART3.IPParameters=VirtualMode
USART3.VirtualMode=VM_ASYNC
VP_SYS_VS_Systick.Mode=SysTick
VP_SYS_VS_Systick.Signal=SYS_VS_Systick
board=bluepill
